
Microsoft Visual Studio Solution File, Format Version 12.00
# Visual Studio Version 17
VisualStudioVersion = 17.12.35728.132 d17.12
MinimumVisualStudioVersion = 10.0.40219.1
Project("{FAE04EC0-301F-11D3-BF4B-00C04F79EFBC}") = "Socialized.Backend", "Socialized.Backend.csproj", "{1FC45C6E-D073-4BFC-81CA-947D686C20AC}"
EndProject
Project("{FAE04EC0-301F-11D3-BF4B-00C04F79EFBC}") = "Socialized.Core", "Socialized.Core\Socialized.Core.csproj", "{0D33DAEB-A8BE-487C-85B9-71F2B059E0E7}"
EndProject
Project("{FAE04EC0-301F-11D3-BF4B-00C04F79EFBC}") = "Socialized.Domain", "Socialized.Domain\Socialized.Domain.csproj", "{397B7BBC-734C-47DB-AAF5-5D4AE8240414}"
EndProject
Project("{FAE04EC0-301F-11D3-BF4B-00C04F79EFBC}") = "Socialized.Infrastructure", "Socialized.Infrastructure\Socialized.Infrastructure.csproj", "{04C54552-62D6-4D63-B8D6-275D3A88EC96}"
EndProject
Project("{FAE04EC0-301F-11D3-BF4B-00C04F79EFBC}") = "Socialized.UseCases", "Socialized.UseCases\Socialized.UseCases.csproj", "{64E03601-B76E-41E2-B619-3554EFCA31C7}"
EndProject
Project("{FAE04EC0-301F-11D3-BF4B-00C04F79EFBC}") = "Socialized.API.IntegrationTests", "Socialized.API.IntegrationTests\Socialized.API.IntegrationTests.csproj", "{B6396FE6-59D9-49DD-93E4-D81BEF922544}"
EndProject
Project("{FAE04EC0-301F-11D3-BF4B-00C04F79EFBC}") = "Socialized.UseCasesTests", "Socialized.UseCasesTests\Socialized.UseCasesTests.csproj", "{C7755A79-36A0-4188-9C9E-00A02E59A945}"
EndProject
Global
	GlobalSection(SolutionConfigurationPlatforms) = preSolution
		Debug|Any CPU = Debug|Any CPU
		Release|Any CPU = Release|Any CPU
	EndGlobalSection
	GlobalSection(ProjectConfigurationPlatforms) = postSolution
		{1FC45C6E-D073-4BFC-81CA-947D686C20AC}.Debug|Any CPU.ActiveCfg = Debug|Any CPU
		{1FC45C6E-D073-4BFC-81CA-947D686C20AC}.Debug|Any CPU.Build.0 = Debug|Any CPU
		{1FC45C6E-D073-4BFC-81CA-947D686C20AC}.Release|Any CPU.ActiveCfg = Release|Any CPU
		{1FC45C6E-D073-4BFC-81CA-947D686C20AC}.Release|Any CPU.Build.0 = Release|Any CPU
		{0D33DAEB-A8BE-487C-85B9-71F2B059E0E7}.Debug|Any CPU.ActiveCfg = Debug|Any CPU
		{0D33DAEB-A8BE-487C-85B9-71F2B059E0E7}.Debug|Any CPU.Build.0 = Debug|Any CPU
		{0D33DAEB-A8BE-487C-85B9-71F2B059E0E7}.Release|Any CPU.ActiveCfg = Release|Any CPU
		{0D33DAEB-A8BE-487C-85B9-71F2B059E0E7}.Release|Any CPU.Build.0 = Release|Any CPU
		{397B7BBC-734C-47DB-AAF5-5D4AE8240414}.Debug|Any CPU.ActiveCfg = Debug|Any CPU
		{397B7BBC-734C-47DB-AAF5-5D4AE8240414}.Debug|Any CPU.Build.0 = Debug|Any CPU
		{397B7BBC-734C-47DB-AAF5-5D4AE8240414}.Release|Any CPU.ActiveCfg = Release|Any CPU
		{397B7BBC-734C-47DB-AAF5-5D4AE8240414}.Release|Any CPU.Build.0 = Release|Any CPU
		{04C54552-62D6-4D63-B8D6-275D3A88EC96}.Debug|Any CPU.ActiveCfg = Debug|Any CPU
		{04C54552-62D6-4D63-B8D6-275D3A88EC96}.Debug|Any CPU.Build.0 = Debug|Any CPU
		{04C54552-62D6-4D63-B8D6-275D3A88EC96}.Release|Any CPU.ActiveCfg = Release|Any CPU
		{04C54552-62D6-4D63-B8D6-275D3A88EC96}.Release|Any CPU.Build.0 = Release|Any CPU
		{64E03601-B76E-41E2-B619-3554EFCA31C7}.Debug|Any CPU.ActiveCfg = Debug|Any CPU
		{64E03601-B76E-41E2-B619-3554EFCA31C7}.Debug|Any CPU.Build.0 = Debug|Any CPU
		{64E03601-B76E-41E2-B619-3554EFCA31C7}.Release|Any CPU.ActiveCfg = Release|Any CPU
		{64E03601-B76E-41E2-B619-3554EFCA31C7}.Release|Any CPU.Build.0 = Release|Any CPU
		{B6396FE6-59D9-49DD-93E4-D81BEF922544}.Debug|Any CPU.ActiveCfg = Debug|Any CPU
		{B6396FE6-59D9-49DD-93E4-D81BEF922544}.Debug|Any CPU.Build.0 = Debug|Any CPU
		{B6396FE6-59D9-49DD-93E4-D81BEF922544}.Release|Any CPU.ActiveCfg = Release|Any CPU
		{B6396FE6-59D9-49DD-93E4-D81BEF922544}.Release|Any CPU.Build.0 = Release|Any CPU
		{C7755A79-36A0-4188-9C9E-00A02E59A945}.Debug|Any CPU.ActiveCfg = Debug|Any CPU
		{C7755A79-36A0-4188-9C9E-00A02E59A945}.Debug|Any CPU.Build.0 = Debug|Any CPU
		{C7755A79-36A0-4188-9C9E-00A02E59A945}.Release|Any CPU.ActiveCfg = Release|Any CPU
		{C7755A79-36A0-4188-9C9E-00A02E59A945}.Release|Any CPU.Build.0 = Release|Any CPU
	EndGlobalSection
	GlobalSection(SolutionProperties) = preSolution
		HideSolutionNode = FALSE
	EndGlobalSection
EndGlobal
